// !$*UTF8*$!
{
	archiveVersion = 1;
	classes = {
	};
	objectVersion = 46;
	objects = {

/* Begin PBXBuildFile section */
		27AAF7331A670CCA00087781 /* main.swift in Sources */ = {isa = PBXBuildFile; fileRef = 27AAF7321A670CCA00087781 /* main.swift */; };
/* End PBXBuildFile section */

/* Begin PBXCopyFilesBuildPhase section */
		27AAF72D1A670CCA00087781 /* CopyFiles */ = {
			isa = PBXCopyFilesBuildPhase;
			buildActionMask = 2147483647;
			dstPath = /usr/share/man/man1/;
			dstSubfolderSpec = 0;
			files = (
			);
			runOnlyForDeploymentPostprocessing = 1;
		};
/* End PBXCopyFilesBuildPhase section */

/* Begin PBXFileReference section */
		2738FA0F1A670DBD00FD2246 /* CustomSwiftSequence.playground */ = {isa = PBXFileReference; lastKnownFileType = file.playground; path = CustomSwiftSequence.playground; sourceTree = "<group>"; };
		2738FA101A670DDE00FD2246 /* CustomSwiftSequenceExample.playground */ = {isa = PBXFileReference; lastKnownFileType = file.playground; path = CustomSwiftSequenceExample.playground; sourceTree = "<group>"; };
		2738FA111A670E0000FD2246 /* FibonacciSequenceGenerator.playground */ = {isa = PBXFileReference; lastKnownFileType = file.playground; path = FibonacciSequenceGenerator.playground; sourceTree = "<group>"; };
		2738FA121A67107300FD2246 /* FactorialFunction.playground */ = {isa = PBXFileReference; lastKnownFileType = file.playground; path = FactorialFunction.playground; sourceTree = "<group>"; };
		274179801A671319005F0AB0 /* FibonacciFunMath.playground */ = {isa = PBXFileReference; lastKnownFileType = file.playground; path = FibonacciFunMath.playground; sourceTree = "<group>"; };
		274179811A6718C7005F0AB0 /* FibonnaciSwiftForLoop.playground */ = {isa = PBXFileReference; lastKnownFileType = file.playground; path = FibonnaciSwiftForLoop.playground; sourceTree = "<group>"; };
		274179821A671C80005F0AB0 /* FibonacciArray.playground */ = {isa = PBXFileReference; lastKnownFileType = file.playground; path = FibonacciArray.playground; sourceTree = "<group>"; };
		27AAF72F1A670CCA00087781 /* FibonacciSwift */ = {isa = PBXFileReference; explicitFileType = "compiled.mach-o.executable"; includeInIndex = 0; path = FibonacciSwift; sourceTree = BUILT_PRODUCTS_DIR; };
		27AAF7321A670CCA00087781 /* main.swift */ = {isa = PBXFileReference; lastKnownFileType = sourcecode.swift; path = main.swift; sourceTree = "<group>"; };
/* End PBXFileReference section */

/* Begin PBXFrameworksBuildPhase section */
		27AAF72C1A670CCA00087781 /* Frameworks */ = {
			isa = PBXFrameworksBuildPhase;
			buildActionMask = 2147483647;
			files = (
			);
			runOnlyForDeploymentPostprocessing = 0;
		};
/* End PBXFrameworksBuildPhase section */

/* Begin PBXGroup section */
		27AAF7261A670CCA00087781 = {
			isa = PBXGroup;
			children = (
				27AAF7311A670CCA00087781 /* FibonacciSwift */,
				27AAF7301A670CCA00087781 /* Products */,
			);
			sourceTree = "<group>";
		};
		27AAF7301A670CCA00087781 /* Products */ = {
			isa = PBXGroup;
			children = (
				27AAF72F1A670CCA00087781 /* FibonacciSwift */,
			);
			name = Products;
			sourceTree = "<group>";
		};
		27AAF7311A670CCA00087781 /* FibonacciSwift */ = {
			isa = PBXGroup;
			children = (
				27AAF7321A670CCA00087781 /* main.swift */,
				274179811A6718C7005F0AB0 /* FibonnaciSwiftForLoop.playground */,
				2738FA121A67107300FD2246 /* FactorialFunction.playground */,
				274179821A671C80005F0AB0 /* FibonacciArray.playground */,
				2738FA0F1A670DBD00FD2246 /* CustomSwiftSequence.playground */,
				2738FA101A670DDE00FD2246 /* CustomSwiftSequenceExample.playground */,
				2738FA111A670E0000FD2246 /* FibonacciSequenceGenerator.playground */,
				274179801A671319005F0AB0 /* FibonacciFunMath.playground */,
			);
			path = FibonacciSwift;
			sourceTree = "<group>";
		};
/* End PBXGroup section */

/* Begin PBXNativeTarget section */
		27AAF72E1A670CCA00087781 /* FibonacciSwift */ = {
			isa = PBXNativeTarget;
			buildConfigurationList = 27AAF7361A670CCA00087781 /* Build configuration list for PBXNativeTarget "FibonacciSwift" */;
			buildPhases = (
				27AAF72B1A670CCA00087781 /* Sources */,
				27AAF72C1A670CCA00087781 /* Frameworks */,
				27AAF72D1A670CCA00087781 /* CopyFiles */,
			);
			buildRules = (
			);
			dependencies = (
			);
			name = FibonacciSwift;
			productName = FibonacciSwift;
			productReference = 27AAF72F1A670CCA00087781 /* FibonacciSwift */;
			productType = "com.apple.product-type.tool";
		};
/* End PBXNativeTarget section */

/* Begin PBXProject section */
		27AAF7271A670CCA00087781 /* Project object */ = {
			isa = PBXProject;
			attributes = {
				LastUpgradeCheck = 0610;
				ORGANIZATIONNAME = "Mike Reining";
				TargetAttributes = {
					27AAF72E1A670CCA00087781 = {
						CreatedOnToolsVersion = 6.1.1;
					};
				};
			};
			buildConfigurationList = 27AAF72A1A670CCA00087781 /* Build configuration list for PBXProject "FibonacciSwift" */;
			compatibilityVersion = "Xcode 3.2";
			developmentRegion = English;
			hasScannedForEncodings = 0;
			knownRegions = (
				en,
			);
			mainGroup = 27AAF7261A670CCA00087781;
			productRefGroup = 27AAF7301A670CCA00087781 /* Products */;
			projectDirPath = "";
			projectRoot = "";
			targets = (
				27AAF72E1A670CCA00087781 /* FibonacciSwift */,
			);
		};
/* End PBXProject section */

/* Begin PBXSourcesBuildPhase section */
		27AAF72B1A670CCA00087781 /* Sources */ = {
			isa = PBXSourcesBuildPhase;
			buildActionMask = 2147483647;
			files = (
				27AAF7331A670CCA00087781 /* main.swift in Sources */,
			);
			runOnlyForDeploymentPostprocessing = 0;
		};
/* End PBXSourcesBuildPhase section */

/* Begin XCBuildConfiguration section */
		27AAF7341A670CCA00087781 /* Debug */ = {
			isa = XCBuildConfiguration;
			buildSettings = {
				ALWAYS_SEARCH_USER_PATHS = NO;
				CLANG_CXX_LANGUAGE_STANDARD = "gnu++0x";
				CLANG_CXX_LIBRARY = "libc++";
				CLANG_ENABLE_MODULES = YES;
				CLANG_ENABLE_OBJC_ARC = YES;
				CLANG_WARN_BOOL_CONVERSION = YES;
				CLANG_WARN_CONSTANT_CONVERSION = YES;
				CLANG_WARN_DIRECT_OBJC_ISA_USAGE = YES_ERROR;
				CLANG_WARN_EMPTY_BODY = YES;
				CLANG_WARN_ENUM_CONVERSION = YES;
				CLANG_WARN_INT_CONVERSION = YES;
				CLANG_WARN_OBJC_ROOT_CLASS = YES_ERROR;
				CLANG_WARN_UNREACHABLE_CODE = YES;
				CLANG_WARN__DUPLICATE_METHOD_MATCH = YES;
				COPY_PHASE_STRIP = NO;
				ENABLE_STRICT_OBJC_MSGSEND = YES;
				GCC_C_LANGUAGE_STANDARD = gnu99;
				GCC_DYNAMIC_NO_PIC = NO;
				GCC_OPTIMIZATION_LEVEL = 0;
				GCC_PREPROCESSOR_DEFINITIONS = (
					"DEBUG=1",
					"$(inherited)",
				);
				GCC_SYMBOLS_PRIVATE_EXTERN = NO;
				GCC_WARN_64_TO_32_BIT_CONVERSION = YES;
				GCC_WARN_ABOUT_RETURN_TYPE = YES_ERROR;
				GCC_WARN_UNDECLARED_SELECTOR = YES;
				GCC_WARN_UNINITIALIZED_AUTOS = YES_AGGRESSIVE;
				GCC_WARN_UNUSED_FUNCTION = YES;
				GCC_WARN_UNUSED_VARIABLE = YES;
				MACOSX_DEPLOYMENT_TARGET = 10.10;
				MTL_ENABLE_DEBUG_INFO = YES;
				ONLY_ACTIVE_ARCH = YES;
				SDKROOT = macosx;
				SWIFT_OPTIMIZATION_LEVEL = "-Onone";
			};
			name = Debug;
		};
		27AAF7351A670CCA00087781 /* Release */ = {
			isa = XCBuildConfiguration;
			buildSettings = {
				ALWAYS_SEARCH_USER_PATHS = NO;
				CLANG_CXX_LANGUAGE_STANDARD = "gnu++0x";
				CLANG_CXX_LIBRARY = "libc++";
				CLANG_ENABLE_MODULES = YES;
				CLANG_ENABLE_OBJC_ARC = YES;
				CLANG_WARN_BOOL_CONVERSION = YES;
				CLANG_WARN_CONSTANT_CONVERSION = YES;
				CLANG_WARN_DIRECT_OBJC_ISA_USAGE = YES_ERROR;
				CLANG_WARN_EMPTY_BODY = YES;
				CLANG_WARN_ENUM_CONVERSION = YES;
				CLANG_WARN_INT_CONVERSION = YES;
				CLANG_WARN_OBJC_ROOT_CLASS = YES_ERROR;
				CLANG_WARN_UNREACHABLE_CODE = YES;
				CLANG_WARN__DUPLICATE_METHOD_MATCH = YES;
				COPY_PHASE_STRIP = YES;
				DEBUG_INFORMATION_FORMAT = "dwarf-with-dsym";
				ENABLE_NS_ASSERTIONS = NO;
				ENABLE_STRICT_OBJC_MSGSEND = YES;
				GCC_C_LANGUAGE_STANDARD = gnu99;
				GCC_WARN_64_TO_32_BIT_CONVERSION = YES;
				GCC_WARN_ABOUT_RETURN_TYPE = YES_ERROR;
				GCC_WARN_UNDECLARED_SELECTOR = YES;
				GCC_WARN_UNINITIALIZED_AUTOS = YES_AGGRESSIVE;
				GCC_WARN_UNUSED_FUNCTION = YES;
				GCC_WARN_UNUSED_VARIABLE = YES;
				MACOSX_DEPLOYMENT_TARGET = 10.10;
				MTL_ENABLE_DEBUG_INFO = NO;
				SDKROOT = macosx;
			};
			name = Release;
		};
		27AAF7371A670CCA00087781 /* Debug */ = {
			isa = XCBuildConfiguration;
			buildSettings = {
				PRODUCT_NAME = "$(TARGET_NAME)";
			};
			name = Debug;
		};
		27AAF7381A670CCA00087781 /* Release */ = {
			isa = XCBuildConfiguration;
			buildSettings = {
				PRODUCT_NAME = "$(TARGET_NAME)";
			};
			name = Release;
		};
/* End XCBuildConfiguration section */

/* Begin XCConfigurationList section */
		27AAF72A1A670CCA00087781 /* Build configuration list for PBXProject "FibonacciSwift" */ = {
			isa = XCConfigurationList;
			buildConfigurations = (
				27AAF7341A670CCA00087781 /* Debug */,
				27AAF7351A670CCA00087781 /* Release */,
			);
			defaultConfigurationIsVisible = 0;
			defaultConfigurationName = Release;
		};
		27AAF7361A670CCA00087781 /* Build configuration list for PBXNativeTarget "FibonacciSwift" */ = {
			isa = XCConfigurationList;
			buildConfigurations = (
				27AAF7371A670CCA00087781 /* Debug */,
				27AAF7381A670CCA00087781 /* Release */,
			);
			defaultConfigurationIsVisible = 0;
			defaultConfigurationName = Release;
		};
/* End XCConfigurationList section */
	};
	rootObject = 27AAF7271A670CCA00087781 /* Project object */;
}
